
Microsoft Visual Studio Solution File, Format Version 12.00
# Visual Studio Version 17
VisualStudioVersion = 17.10.35027.167
MinimumVisualStudioVersion = 10.0.40219.1
Project("{FAE04EC0-301F-11D3-BF4B-00C04F79EFBC}") = "Notes", "Notes\Notes.csproj", "{AEE63AAE-5BBF-4076-801A-745A446D1483}"
EndProject
Global
	GlobalSection(SolutionConfigurationPlatforms) = preSolution
		Debug|Any CPU = Debug|Any CPU
		Release|Any CPU = Release|Any CPU
	EndGlobalSection
	GlobalSection(ProjectConfigurationPlatforms) = postSolution
		{AEE63AAE-5BBF-4076-801A-745A446D1483}.Debug|Any CPU.ActiveCfg = Debug|Any CPU
		{AEE63AAE-5BBF-4076-801A-745A446D1483}.Debug|Any CPU.Build.0 = Debug|Any CPU
		{AEE63AAE-5BBF-4076-801A-745A446D1483}.Debug|Any CPU.Deploy.0 = Debug|Any CPU
		{AEE63AAE-5BBF-4076-801A-745A446D1483}.Release|Any CPU.ActiveCfg = Release|Any CPU
		{AEE63AAE-5BBF-4076-801A-745A446D1483}.Release|Any CPU.Build.0 = Release|Any CPU
		{AEE63AAE-5BBF-4076-801A-745A446D1483}.Release|Any CPU.Deploy.0 = Release|Any CPU
	EndGlobalSection
	GlobalSection(SolutionProperties) = preSolution
		HideSolutionNode = FALSE
	EndGlobalSection
	GlobalSection(ExtensibilityGlobals) = postSolution
		SolutionGuid = {516A41D8-E3D7-4F89-B71B-EE53C27D1DD9}
	EndGlobalSection
EndGlobal
